[[package]]
name = "atomicwrites"
version = "1.4.0"
description = "Atomic file writes."
category = "dev"
optional = false
python-versions = ">=2.7, !=3.0.*, !=3.1.*, !=3.2.*, !=3.3.*"

[[package]]
name = "attrs"
version = "19.3.0"
description = "Classes Without Boilerplate"
category = "dev"
optional = false
python-versions = ">=2.7, !=3.0.*, !=3.1.*, !=3.2.*, !=3.3.*"

[package.extras]
azure-pipelines = ["coverage", "hypothesis", "pympler", "pytest (>=4.3.0)", "six", "zope.interface", "pytest-azurepipelines"]
dev = ["coverage", "hypothesis", "pympler", "pytest (>=4.3.0)", "six", "zope.interface", "sphinx", "pre-commit"]
docs = ["sphinx", "zope.interface"]
tests = ["coverage", "hypothesis", "pympler", "pytest (>=4.3.0)", "six", "zope.interface"]

[[package]]
name = "colorama"
version = "0.4.3"
description = "Cross-platform colored terminal text."
category = "dev"
optional = false
python-versions = ">=2.7, !=3.0.*, !=3.1.*, !=3.2.*, !=3.3.*, !=3.4.*"

[[package]]
name = "importlib-metadata"
version = "1.6.1"
description = "Read metadata from Python packages"
category = "dev"
optional = false
python-versions = "!=3.0.*,!=3.1.*,!=3.2.*,!=3.3.*,!=3.4.*,>=2.7"

[package.dependencies]
zipp = ">=0.5"

[package.extras]
docs = ["sphinx", "rst.linker"]
testing = ["packaging", "pep517", "importlib-resources (>=1.3)"]

[[package]]
name = "more-itertools"
version = "8.3.0"
description = "More routines for operating on iterables, beyond itertools"
category = "dev"
optional = false
python-versions = ">=3.5"

[[package]]
name = "mypy"
version = "0.800"
description = "Optional static typing for Python"
category = "main"
optional = false
python-versions = ">=3.5"

[package.dependencies]
mypy-extensions = ">=0.4.3,<0.5.0"
typed-ast = ">=1.4.0,<1.5.0"
typing-extensions = ">=3.7.4"

[package.extras]
dmypy = ["psutil (>=4.0)"]

[[package]]
name = "mypy-extensions"
version = "0.4.3"
description = "Experimental type system extensions for programs checked with the mypy typechecker."
category = "main"
optional = false
python-versions = "*"

[[package]]
name = "packaging"
version = "20.4"
description = "Core utilities for Python packages"
category = "dev"
optional = false
python-versions = ">=2.7, !=3.0.*, !=3.1.*, !=3.2.*, !=3.3.*"

[package.dependencies]
pyparsing = ">=2.0.2"
six = "*"

[[package]]
name = "pluggy"
version = "0.13.1"
description = "plugin and hook calling mechanisms for python"
category = "dev"
optional = false
python-versions = ">=2.7, !=3.0.*, !=3.1.*, !=3.2.*, !=3.3.*"

[package.dependencies]
importlib-metadata = {version = ">=0.12", markers = "python_version < \"3.8\""}

[package.extras]
dev = ["pre-commit", "tox"]

[[package]]
name = "py"
version = "1.8.1"
description = "library with cross-python path, ini-parsing, io, code, log facilities"
category = "dev"
optional = false
python-versions = ">=2.7, !=3.0.*, !=3.1.*, !=3.2.*, !=3.3.*"

[[package]]
name = "pyparsing"
version = "2.4.7"
description = "Python parsing module"
category = "dev"
optional = false
python-versions = ">=2.6, !=3.0.*, !=3.1.*, !=3.2.*"

[[package]]
name = "pytest"
version = "5.4.3"
description = "pytest: simple powerful testing with Python"
category = "dev"
optional = false
python-versions = ">=3.5"

[package.dependencies]
atomicwrites = {version = ">=1.0", markers = "sys_platform == \"win32\""}
attrs = ">=17.4.0"
colorama = {version = "*", markers = "sys_platform == \"win32\""}
importlib-metadata = {version = ">=0.12", markers = "python_version < \"3.8\""}
more-itertools = ">=4.0.0"
packaging = "*"
pluggy = ">=0.12,<1.0"
py = ">=1.5.0"
wcwidth = "*"

[package.extras]
checkqa-mypy = ["mypy (==v0.761)"]
testing = ["argcomplete", "hypothesis (>=3.56)", "mock", "nose", "requests", "xmlschema"]

[[package]]
name = "ruamel.yaml"
version = "0.16.10"
description = "ruamel.yaml is a YAML parser/emitter that supports roundtrip preservation of comments, seq/map flow style, and map key order"
category = "main"
optional = false
python-versions = "*"

[package.dependencies]
"ruamel.yaml.clib" = {version = ">=0.1.2", markers = "platform_python_implementation == \"CPython\" and python_version < \"3.9\""}

[package.extras]
docs = ["ryd"]
jinja2 = ["ruamel.yaml.jinja2 (>=0.2)"]

[[package]]
name = "ruamel.yaml.clib"
version = "0.2.0"
description = "C version of reader, parser and emitter for ruamel.yaml derived from libyaml"
category = "main"
optional = false
python-versions = "*"

[[package]]
name = "six"
version = "1.15.0"
description = "Python 2 and 3 compatibility utilities"
category = "dev"
optional = false
python-versions = ">=2.7, !=3.0.*, !=3.1.*, !=3.2.*"

[[package]]
name = "typed-argument-parser"
version = "1.6.1"
description = "Typed Argument Parser"
category = "main"
optional = false
python-versions = "*"

[package.dependencies]
typing_extensions = ">=3.7.4"
typing-inspect = ">=0.5"

[[package]]
name = "typed-ast"
version = "1.4.2"
description = "a fork of Python 2 and 3 ast modules with type comment support"
category = "main"
optional = false
python-versions = "*"

[[package]]
name = "typing-extensions"
version = "3.7.4.3"
description = "Backported and Experimental Type Hints for Python 3.5+"
category = "main"
optional = false
python-versions = "*"

[[package]]
name = "typing-inspect"
version = "0.6.0"
description = "Runtime inspection utilities for typing module."
category = "main"
optional = false
python-versions = "*"

[package.dependencies]
mypy-extensions = ">=0.3.0"
typing-extensions = ">=3.7.4"

[[package]]
name = "wcwidth"
version = "0.2.3"
description = "Measures the displayed width of unicode strings in a terminal"
category = "dev"
optional = false
python-versions = "*"

[[package]]
name = "zipp"
version = "3.1.0"
description = "Backport of pathlib-compatible object wrapper for zip files"
category = "dev"
optional = false
python-versions = ">=3.6"

[package.extras]
docs = ["sphinx", "jaraco.packaging (>=3.2)", "rst.linker (>=1.9)"]
testing = ["jaraco.itertools", "func-timeout"]

[metadata]
lock-version = "1.1"
python-versions = "^3.6"
content-hash = "9b10b4c7f13ca9444d6b65bb7127fc7cde602bc5322b28b5ad1a79d0e8394f4e"

[metadata.files]
atomicwrites = [
    {file = "atomicwrites-1.4.0-py2.py3-none-any.whl", hash = "sha256:6d1784dea7c0c8d4a5172b6c620f40b6e4cbfdf96d783691f2e1302a7b88e197"},
    {file = "atomicwrites-1.4.0.tar.gz", hash = "sha256:ae70396ad1a434f9c7046fd2dd196fc04b12f9e91ffb859164193be8b6168a7a"},
]
attrs = [
    {file = "attrs-19.3.0-py2.py3-none-any.whl", hash = "sha256:08a96c641c3a74e44eb59afb61a24f2cb9f4d7188748e76ba4bb5edfa3cb7d1c"},
    {file = "attrs-19.3.0.tar.gz", hash = "sha256:f7b7ce16570fe9965acd6d30101a28f62fb4a7f9e926b3bbc9b61f8b04247e72"},
]
colorama = [
    {file = "colorama-0.4.3-py2.py3-none-any.whl", hash = "sha256:7d73d2a99753107a36ac6b455ee49046802e59d9d076ef8e47b61499fa29afff"},
    {file = "colorama-0.4.3.tar.gz", hash = "sha256:e96da0d330793e2cb9485e9ddfd918d456036c7149416295932478192f4436a1"},
]
importlib-metadata = [
    {file = "importlib_metadata-1.6.1-py2.py3-none-any.whl", hash = "sha256:15ec6c0fd909e893e3a08b3a7c76ecb149122fb14b7efe1199ddd4c7c57ea958"},
    {file = "importlib_metadata-1.6.1.tar.gz", hash = "sha256:0505dd08068cfec00f53a74a0ad927676d7757da81b7436a6eefe4c7cf75c545"},
]
more-itertools = [
    {file = "more-itertools-8.3.0.tar.gz", hash = "sha256:558bb897a2232f5e4f8e2399089e35aecb746e1f9191b6584a151647e89267be"},
    {file = "more_itertools-8.3.0-py3-none-any.whl", hash = "sha256:7818f596b1e87be009031c7653d01acc46ed422e6656b394b0f765ce66ed4982"},
]
mypy = [
    {file = "mypy-0.800-cp35-cp35m-macosx_10_9_x86_64.whl", hash = "sha256:e1c84c65ff6d69fb42958ece5b1255394714e0aac4df5ffe151bc4fe19c7600a"},
    {file = "mypy-0.800-cp35-cp35m-manylinux1_x86_64.whl", hash = "sha256:947126195bfe4709c360e89b40114c6746ae248f04d379dca6f6ab677aa07641"},
    {file = "mypy-0.800-cp35-cp35m-manylinux2010_x86_64.whl", hash = "sha256:b95068a3ce3b50332c40e31a955653be245666a4bc7819d3c8898aa9fb9ea496"},
    {file = "mypy-0.800-cp35-cp35m-win_amd64.whl", hash = "sha256:ca7ad5aed210841f1e77f5f2f7d725b62c78fa77519312042c719ed2ab937876"},
    {file = "mypy-0.800-cp36-cp36m-macosx_10_9_x86_64.whl", hash = "sha256:e32b7b282c4ed4e378bba8b8dfa08e1cfa6f6574067ef22f86bee5b1039de0c9"},
    {file = "mypy-0.800-cp36-cp36m-manylinux1_x86_64.whl", hash = "sha256:e497a544391f733eca922fdcb326d19e894789cd4ff61d48b4b195776476c5cf"},
    {file = "mypy-0.800-cp36-cp36m-manylinux2010_x86_64.whl", hash = "sha256:5615785d3e2f4f03ab7697983d82c4b98af5c321614f51b8f1034eb9ebe48363"},
    {file = "mypy-0.800-cp36-cp36m-win_amd64.whl", hash = "sha256:2b216eacca0ec0ee124af9429bfd858d5619a0725ee5f88057e6e076f9eb1a7b"},
    {file = "mypy-0.800-cp37-cp37m-macosx_10_9_x86_64.whl", hash = "sha256:e3b8432f8df19e3c11235c4563a7250666dc9aa7cdda58d21b4177b20256ca9f"},
    {file = "mypy-0.800-cp37-cp37m-manylinux1_x86_64.whl", hash = "sha256:d16c54b0dffb861dc6318a8730952265876d90c5101085a4bc56913e8521ba19"},
    {file = "mypy-0.800-cp37-cp37m-manylinux2010_x86_64.whl", hash = "sha256:0d2fc8beb99cd88f2d7e20d69131353053fbecea17904ee6f0348759302c52fa"},
    {file = "mypy-0.800-cp37-cp37m-win_amd64.whl", hash = "sha256:aa9d4901f3ee1a986a3a79fe079ffbf7f999478c281376f48faa31daaa814e86"},
    {file = "mypy-0.800-cp38-cp38-macosx_10_9_x86_64.whl", hash = "sha256:319ee5c248a7c3f94477f92a729b7ab06bf8a6d04447ef3aa8c9ba2aa47c6dcf"},
    {file = "mypy-0.800-cp38-cp38-manylinux1_x86_64.whl", hash = "sha256:74f5aa50d0866bc6fb8e213441c41e466c86678c800700b87b012ed11c0a13e0"},
    {file = "mypy-0.800-cp38-cp38-manylinux2010_x86_64.whl", hash = "sha256:a301da58d566aca05f8f449403c710c50a9860782148332322decf73a603280b"},
    {file = "mypy-0.800-cp38-cp38-win_amd64.whl", hash = "sha256:b9150db14a48a8fa114189bfe49baccdff89da8c6639c2717750c7ae62316738"},
    {file = "mypy-0.800-cp39-cp39-macosx_10_9_x86_64.whl", hash = "sha256:f5fdf935a46aa20aa937f2478480ebf4be9186e98e49cc3843af9a5795a49a25"},
    {file = "mypy-0.800-cp39-cp39-manylinux1_x86_64.whl", hash = "sha256:6f8425fecd2ba6007e526209bb985ce7f49ed0d2ac1cc1a44f243380a06a84fb"},
    {file = "mypy-0.800-cp39-cp39-manylinux2010_x86_64.whl", hash = "sha256:5ff616787122774f510caeb7b980542a7cc2222be3f00837a304ea85cd56e488"},
    {file = "mypy-0.800-cp39-cp39-win_amd64.whl", hash = "sha256:90b6f46dc2181d74f80617deca611925d7e63007cf416397358aa42efb593e07"},
    {file = "mypy-0.800-py3-none-any.whl", hash = "sha256:3e0c159a7853e3521e3f582adb1f3eac66d0b0639d434278e2867af3a8c62653"},
    {file = "mypy-0.800.tar.gz", hash = "sha256:e0202e37756ed09daf4b0ba64ad2c245d357659e014c3f51d8cd0681ba66940a"},
]
mypy-extensions = [
    {file = "mypy_extensions-0.4.3-py2.py3-none-any.whl", hash = "sha256:090fedd75945a69ae91ce1303b5824f428daf5a028d2f6ab8a299250a846f15d"},
    {file = "mypy_extensions-0.4.3.tar.gz", hash = "sha256:2d82818f5bb3e369420cb3c4060a7970edba416647068eb4c5343488a6c604a8"},
]
packaging = [
    {file = "packaging-20.4-py2.py3-none-any.whl", hash = "sha256:998416ba6962ae7fbd6596850b80e17859a5753ba17c32284f67bfff33784181"},
    {file = "packaging-20.4.tar.gz", hash = "sha256:4357f74f47b9c12db93624a82154e9b120fa8293699949152b22065d556079f8"},
]
pluggy = [
    {file = "pluggy-0.13.1-py2.py3-none-any.whl", hash = "sha256:966c145cd83c96502c3c3868f50408687b38434af77734af1e9ca461a4081d2d"},
    {file = "pluggy-0.13.1.tar.gz", hash = "sha256:15b2acde666561e1298d71b523007ed7364de07029219b604cf808bfa1c765b0"},
]
py = [
    {file = "py-1.8.1-py2.py3-none-any.whl", hash = "sha256:c20fdd83a5dbc0af9efd622bee9a5564e278f6380fffcacc43ba6f43db2813b0"},
    {file = "py-1.8.1.tar.gz", hash = "sha256:5e27081401262157467ad6e7f851b7aa402c5852dbcb3dae06768434de5752aa"},
]
pyparsing = [
    {file = "pyparsing-2.4.7-py2.py3-none-any.whl", hash = "sha256:ef9d7589ef3c200abe66653d3f1ab1033c3c419ae9b9bdb1240a85b024efc88b"},
    {file = "pyparsing-2.4.7.tar.gz", hash = "sha256:c203ec8783bf771a155b207279b9bccb8dea02d8f0c9e5f8ead507bc3246ecc1"},
]
pytest = [
    {file = "pytest-5.4.3-py3-none-any.whl", hash = "sha256:5c0db86b698e8f170ba4582a492248919255fcd4c79b1ee64ace34301fb589a1"},
    {file = "pytest-5.4.3.tar.gz", hash = "sha256:7979331bfcba207414f5e1263b5a0f8f521d0f457318836a7355531ed1a4c7d8"},
]
"ruamel.yaml" = [
    {file = "ruamel.yaml-0.16.10-py2.py3-none-any.whl", hash = "sha256:0962fd7999e064c4865f96fb1e23079075f4a2a14849bcdc5cdba53a24f9759b"},
    {file = "ruamel.yaml-0.16.10.tar.gz", hash = "sha256:099c644a778bf72ffa00524f78dd0b6476bca94a1da344130f4bf3381ce5b954"},
]
"ruamel.yaml.clib" = [
    {file = "ruamel.yaml.clib-0.2.0-cp27-cp27m-macosx_10_9_x86_64.whl", hash = "sha256:9c6d040d0396c28d3eaaa6cb20152cb3b2f15adf35a0304f4f40a3cf9f1d2448"},
    {file = "ruamel.yaml.clib-0.2.0-cp27-cp27m-manylinux1_x86_64.whl", hash = "sha256:4d55386129291b96483edcb93b381470f7cd69f97585829b048a3d758d31210a"},
    {file = "ruamel.yaml.clib-0.2.0-cp27-cp27m-win32.whl", hash = "sha256:8073c8b92b06b572e4057b583c3d01674ceaf32167801fe545a087d7a1e8bf52"},
    {file = "ruamel.yaml.clib-0.2.0-cp27-cp27m-win_amd64.whl", hash = "sha256:615b0396a7fad02d1f9a0dcf9f01202bf9caefee6265198f252c865f4227fcc6"},
    {file = "ruamel.yaml.clib-0.2.0-cp27-cp27mu-manylinux1_x86_64.whl", hash = "sha256:a0ff786d2a7dbe55f9544b3f6ebbcc495d7e730df92a08434604f6f470b899c5"},
    {file = "ruamel.yaml.clib-0.2.0-cp35-cp35m-macosx_10_6_intel.whl", hash = "sha256:ea4362548ee0cbc266949d8a441238d9ad3600ca9910c3fe4e82ee3a50706973"},
    {file = "ruamel.yaml.clib-0.2.0-cp35-cp35m-manylinux1_x86_64.whl", hash = "sha256:77556a7aa190be9a2bd83b7ee075d3df5f3c5016d395613671487e79b082d784"},
    {file = "ruamel.yaml.clib-0.2.0-cp35-cp35m-win32.whl", hash = "sha256:392b7c371312abf27fb549ec2d5e0092f7ef6e6c9f767bfb13e83cb903aca0fd"},
    {file = "ruamel.yaml.clib-0.2.0-cp35-cp35m-win_amd64.whl", hash = "sha256:ed5b3698a2bb241b7f5cbbe277eaa7fe48b07a58784fba4f75224fd066d253ad"},
    {file = "ruamel.yaml.clib-0.2.0-cp36-cp36m-macosx_10_9_x86_64.whl", hash = "sha256:7aee724e1ff424757b5bd8f6c5bbdb033a570b2b4683b17ace4dbe61a99a657b"},
    {file = "ruamel.yaml.clib-0.2.0-cp36-cp36m-manylinux1_x86_64.whl", hash = "sha256:d0d3ac228c9bbab08134b4004d748cf9f8743504875b3603b3afbb97e3472947"},
    {file = "ruamel.yaml.clib-0.2.0-cp36-cp36m-win32.whl", hash = "sha256:f9dcc1ae73f36e8059589b601e8e4776b9976effd76c21ad6a855a74318efd6e"},
    {file = "ruamel.yaml.clib-0.2.0-cp36-cp36m-win_amd64.whl", hash = "sha256:1e77424825caba5553bbade750cec2277ef130647d685c2b38f68bc03453bac6"},
    {file = "ruamel.yaml.clib-0.2.0-cp37-cp37m-macosx_10_9_x86_64.whl", hash = "sha256:d10e9dd744cf85c219bf747c75194b624cc7a94f0c80ead624b06bfa9f61d3bc"},
    {file = "ruamel.yaml.clib-0.2.0-cp37-cp37m-manylinux1_x86_64.whl", hash = "sha256:550168c02d8de52ee58c3d8a8193d5a8a9491a5e7b2462d27ac5bf63717574c9"},
    {file = "ruamel.yaml.clib-0.2.0-cp37-cp37m-win32.whl", hash = "sha256:57933a6986a3036257ad7bf283529e7c19c2810ff24c86f4a0cfeb49d2099919"},
    {file = "ruamel.yaml.clib-0.2.0-cp37-cp37m-win_amd64.whl", hash = "sha256:b1b7fcee6aedcdc7e62c3a73f238b3d080c7ba6650cd808bce8d7761ec484070"},
    {file = "ruamel.yaml.clib-0.2.0-cp38-cp38-manylinux1_x86_64.whl", hash = "sha256:be018933c2f4ee7de55e7bd7d0d801b3dfb09d21dad0cce8a97995fd3e44be30"},
    {file = "ruamel.yaml.clib-0.2.0.tar.gz", hash = "sha256:b66832ea8077d9b3f6e311c4a53d06273db5dc2db6e8a908550f3c14d67e718c"},
]
six = [
    {file = "six-1.15.0-py2.py3-none-any.whl", hash = "sha256:8b74bedcbbbaca38ff6d7491d76f2b06b3592611af620f8426e82dddb04a5ced"},
    {file = "six-1.15.0.tar.gz", hash = "sha256:30639c035cdb23534cd4aa2dd52c3bf48f06e5f4a941509c8bafd8ce11080259"},
]
typed-argument-parser = [
    {file = "typed-argument-parser-1.6.1.tar.gz", hash = "sha256:4d8df5d03bc2d5e5e86b7802afc817f4ab5a0445a6f26cafdf3a69166c2fbd03"},
]
typed-ast = [
    {file = "typed_ast-1.4.2-cp35-cp35m-manylinux1_i686.whl", hash = "sha256:7703620125e4fb79b64aa52427ec192822e9f45d37d4b6625ab37ef403e1df70"},
    {file = "typed_ast-1.4.2-cp35-cp35m-manylinux1_x86_64.whl", hash = "sha256:c9aadc4924d4b5799112837b226160428524a9a45f830e0d0f184b19e4090487"},
    {file = "typed_ast-1.4.2-cp35-cp35m-manylinux2014_aarch64.whl", hash = "sha256:9ec45db0c766f196ae629e509f059ff05fc3148f9ffd28f3cfe75d4afb485412"},
    {file = "typed_ast-1.4.2-cp35-cp35m-win32.whl", hash = "sha256:85f95aa97a35bdb2f2f7d10ec5bbdac0aeb9dafdaf88e17492da0504de2e6400"},
    {file = "typed_ast-1.4.2-cp35-cp35m-win_amd64.whl", hash = "sha256:9044ef2df88d7f33692ae3f18d3be63dec69c4fb1b5a4a9ac950f9b4ba571606"},
    {file = "typed_ast-1.4.2-cp36-cp36m-macosx_10_9_x86_64.whl", hash = "sha256:c1c876fd795b36126f773db9cbb393f19808edd2637e00fd6caba0e25f2c7b64"},
    {file = "typed_ast-1.4.2-cp36-cp36m-manylinux1_i686.whl", hash = "sha256:5dcfc2e264bd8a1db8b11a892bd1647154ce03eeba94b461effe68790d8b8e07"},
    {file = "typed_ast-1.4.2-cp36-cp36m-manylinux1_x86_64.whl", hash = "sha256:8db0e856712f79c45956da0c9a40ca4246abc3485ae0d7ecc86a20f5e4c09abc"},
    {file = "typed_ast-1.4.2-cp36-cp36m-manylinux2014_aarch64.whl", hash = "sha256:d003156bb6a59cda9050e983441b7fa2487f7800d76bdc065566b7d728b4581a"},
    {file = "typed_ast-1.4.2-cp36-cp36m-win32.whl", hash = "sha256:4c790331247081ea7c632a76d5b2a265e6d325ecd3179d06e9cf8d46d90dd151"},
    {file = "typed_ast-1.4.2-cp36-cp36m-win_amd64.whl", hash = "sha256:d175297e9533d8d37437abc14e8a83cbc68af93cc9c1c59c2c292ec59a0697a3"},
    {file = "typed_ast-1.4.2-cp37-cp37m-macosx_10_9_x86_64.whl", hash = "sha256:cf54cfa843f297991b7388c281cb3855d911137223c6b6d2dd82a47ae5125a41"},
    {file = "typed_ast-1.4.2-cp37-cp37m-manylinux1_i686.whl", hash = "sha256:b4fcdcfa302538f70929eb7b392f536a237cbe2ed9cba88e3bf5027b39f5f77f"},
    {file = "typed_ast-1.4.2-cp37-cp37m-manylinux1_x86_64.whl", hash = "sha256:987f15737aba2ab5f3928c617ccf1ce412e2e321c77ab16ca5a293e7bbffd581"},
    {file = "typed_ast-1.4.2-cp37-cp37m-manylinux2014_aarch64.whl", hash = "sha256:37f48d46d733d57cc70fd5f30572d11ab8ed92da6e6b28e024e4a3edfb456e37"},
    {file = "typed_ast-1.4.2-cp37-cp37m-win32.whl", hash = "sha256:36d829b31ab67d6fcb30e185ec996e1f72b892255a745d3a82138c97d21ed1cd"},
    {file = "typed_ast-1.4.2-cp37-cp37m-win_amd64.whl", hash = "sha256:8368f83e93c7156ccd40e49a783a6a6850ca25b556c0fa0240ed0f659d2fe496"},
    {file = "typed_ast-1.4.2-cp38-cp38-macosx_10_9_x86_64.whl", hash = "sha256:963c80b583b0661918718b095e02303d8078950b26cc00b5e5ea9ababe0de1fc"},
    {file = "typed_ast-1.4.2-cp38-cp38-manylinux1_i686.whl", hash = "sha256:e683e409e5c45d5c9082dc1daf13f6374300806240719f95dc783d1fc942af10"},
    {file = "typed_ast-1.4.2-cp38-cp38-manylinux1_x86_64.whl", hash = "sha256:84aa6223d71012c68d577c83f4e7db50d11d6b1399a9c779046d75e24bed74ea"},
    {file = "typed_ast-1.4.2-cp38-cp38-manylinux2014_aarch64.whl", hash = "sha256:a38878a223bdd37c9709d07cd357bb79f4c760b29210e14ad0fb395294583787"},
    {file = "typed_ast-1.4.2-cp38-cp38-win32.whl", hash = "sha256:a2c927c49f2029291fbabd673d51a2180038f8cd5a5b2f290f78c4516be48be2"},
    {file = "typed_ast-1.4.2-cp38-cp38-win_amd64.whl", hash = "sha256:c0c74e5579af4b977c8b932f40a5464764b2f86681327410aa028a22d2f54937"},
    {file = "typed_ast-1.4.2-cp39-cp39-macosx_10_9_x86_64.whl", hash = "sha256:07d49388d5bf7e863f7fa2f124b1b1d89d8aa0e2f7812faff0a5658c01c59aa1"},
    {file = "typed_ast-1.4.2-cp39-cp39-manylinux1_i686.whl", hash = "sha256:240296b27397e4e37874abb1df2a608a92df85cf3e2a04d0d4d61055c8305ba6"},
    {file = "typed_ast-1.4.2-cp39-cp39-manylinux1_x86_64.whl", hash = "sha256:d746a437cdbca200622385305aedd9aef68e8a645e385cc483bdc5e488f07166"},
    {file = "typed_ast-1.4.2-cp39-cp39-manylinux2014_aarch64.whl", hash = "sha256:14bf1522cdee369e8f5581238edac09150c765ec1cb33615855889cf33dcb92d"},
    {file = "typed_ast-1.4.2-cp39-cp39-win32.whl", hash = "sha256:cc7b98bf58167b7f2db91a4327da24fb93368838eb84a44c472283778fc2446b"},
    {file = "typed_ast-1.4.2-cp39-cp39-win_amd64.whl", hash = "sha256:7147e2a76c75f0f64c4319886e7639e490fee87c9d25cb1d4faef1d8cf83a440"},
    {file = "typed_ast-1.4.2.tar.gz", hash = "sha256:9fc0b3cb5d1720e7141d103cf4819aea239f7d136acf9ee4a69b047b7986175a"},
]
typing-extensions = [
    {file = "typing_extensions-3.7.4.3-py2-none-any.whl", hash = "sha256:dafc7639cde7f1b6e1acc0f457842a83e722ccca8eef5270af2d74792619a89f"},
    {file = "typing_extensions-3.7.4.3-py3-none-any.whl", hash = "sha256:7cb407020f00f7bfc3cb3e7881628838e69d8f3fcab2f64742a5e76b2f841918"},
    {file = "typing_extensions-3.7.4.3.tar.gz", hash = "sha256:99d4073b617d30288f569d3f13d2bd7548c3a7e4c8de87db09a9d29bb3a4a60c"},
]
typing-inspect = [
    {file = "typing_inspect-0.6.0-py2-none-any.whl", hash = "sha256:de08f50a22955ddec353876df7b2545994d6df08a2f45d54ac8c05e530372ca0"},
    {file = "typing_inspect-0.6.0-py3-none-any.whl", hash = "sha256:3b98390df4d999a28cf5b35d8b333425af5da2ece8a4ea9e98f71e7591347b4f"},
    {file = "typing_inspect-0.6.0.tar.gz", hash = "sha256:8f1b1dd25908dbfd81d3bebc218011531e7ab614ba6e5bf7826d887c834afab7"},
]
wcwidth = [
    {file = "wcwidth-0.2.3-py2.py3-none-any.whl", hash = "sha256:980fbf4f3c196c0f329cdcd1e84c554d6a211f18e252e525a0cf4223154a41d6"},
    {file = "wcwidth-0.2.3.tar.gz", hash = "sha256:edbc2b718b4db6cdf393eefe3a420183947d6aa312505ce6754516f458ff8830"},
]
zipp = [
    {file = "zipp-3.1.0-py3-none-any.whl", hash = "sha256:aa36550ff0c0b7ef7fa639055d797116ee891440eac1a56f378e2d3179e0320b"},
    {file = "zipp-3.1.0.tar.gz", hash = "sha256:c599e4d75c98f6798c509911d08a22e6c021d074469042177c8c86fb92eefd96"},
]
